// !$*UTF8*$!
{
	archiveVersion = 1;
	classes = {
	};
	objectVersion = 56;
	objects = {

/* Begin PBXBuildFile section */
		6A264FB82A8EDD790066D64B /* AppDelegate.swift in Sources */ = {isa = PBXBuildFile; fileRef = 6A264FB72A8EDD790066D64B /* AppDelegate.swift */; };
		6A264FBA2A8EDD790066D64B /* SceneDelegate.swift in Sources */ = {isa = PBXBuildFile; fileRef = 6A264FB92A8EDD790066D64B /* SceneDelegate.swift */; };
		6A264FBC2A8EDD790066D64B /* ViewController.swift in Sources */ = {isa = PBXBuildFile; fileRef = 6A264FBB2A8EDD790066D64B /* ViewController.swift */; };
		6A264FBF2A8EDD790066D64B /* Main.storyboard in Resources */ = {isa = PBXBuildFile; fileRef = 6A264FBD2A8EDD790066D64B /* Main.storyboard */; };
		6A264FC12A8EDD7B0066D64B /* Assets.xcassets in Resources */ = {isa = PBXBuildFile; fileRef = 6A264FC02A8EDD7B0066D64B /* Assets.xcassets */; };
		6A264FC42A8EDD7C0066D64B /* LaunchScreen.storyboard in Resources */ = {isa = PBXBuildFile; fileRef = 6A264FC22A8EDD7C0066D64B /* LaunchScreen.storyboard */; };
		6A264FCF2A8EDD7C0066D64B /* video_playerTests.swift in Sources */ = {isa = PBXBuildFile; fileRef = 6A264FCE2A8EDD7C0066D64B /* video_playerTests.swift */; };
		6A264FD92A8EDD7C0066D64B /* video_playerUITests.swift in Sources */ = {isa = PBXBuildFile; fileRef = 6A264FD82A8EDD7C0066D64B /* video_playerUITests.swift */; };
		6A264FDB2A8EDD7C0066D64B /* video_playerUITestsLaunchTests.swift in Sources */ = {isa = PBXBuildFile; fileRef = 6A264FDA2A8EDD7C0066D64B /* video_playerUITestsLaunchTests.swift */; };
		6A264FEA2A8EEED50066D64B /* test.mp4 in Resources */ = {isa = PBXBuildFile; fileRef = 6A264FE92A8EEED50066D64B /* test.mp4 */; };
/* End PBXBuildFile section */

/* Begin PBXContainerItemProxy section */
		6A264FCB2A8EDD7C0066D64B /* PBXContainerItemProxy */ = {
			isa = PBXContainerItemProxy;
			containerPortal = 6A264FAC2A8EDD780066D64B /* Project object */;
			proxyType = 1;
			remoteGlobalIDString = 6A264FB32A8EDD790066D64B;
			remoteInfo = video_player;
		};
		6A264FD52A8EDD7C0066D64B /* PBXContainerItemProxy */ = {
			isa = PBXContainerItemProxy;
			containerPortal = 6A264FAC2A8EDD780066D64B /* Project object */;
			proxyType = 1;
			remoteGlobalIDString = 6A264FB32A8EDD790066D64B;
			remoteInfo = video_player;
		};
/* End PBXContainerItemProxy section */

/* Begin PBXFileReference section */
		6A264FB42A8EDD790066D64B /* video_player.app */ = {isa = PBXFileReference; explicitFileType = wrapper.application; includeInIndex = 0; path = video_player.app; sourceTree = BUILT_PRODUCTS_DIR; };
		6A264FB72A8EDD790066D64B /* AppDelegate.swift */ = {isa = PBXFileReference; lastKnownFileType = sourcecode.swift; path = AppDelegate.swift; sourceTree = "<group>"; };
		6A264FB92A8EDD790066D64B /* SceneDelegate.swift */ = {isa = PBXFileReference; lastKnownFileType = sourcecode.swift; path = SceneDelegate.swift; sourceTree = "<group>"; };
		6A264FBB2A8EDD790066D64B /* ViewController.swift */ = {isa = PBXFileReference; lastKnownFileType = sourcecode.swift; path = ViewController.swift; sourceTree = "<group>"; };
		6A264FBE2A8EDD790066D64B /* Base */ = {isa = PBXFileReference; lastKnownFileType = file.storyboard; name = Base; path = Base.lproj/Main.storyboard; sourceTree = "<group>"; };
		6A264FC02A8EDD7B0066D64B /* Assets.xcassets */ = {isa = PBXFileReference; lastKnownFileType = folder.assetcatalog; path = Assets.xcassets; sourceTree = "<group>"; };
		6A264FC32A8EDD7C0066D64B /* Base */ = {isa = PBXFileReference; lastKnownFileType = file.storyboard; name = Base; path = Base.lproj/LaunchScreen.storyboard; sourceTree = "<group>"; };
		6A264FC52A8EDD7C0066D64B /* Info.plist */ = {isa = PBXFileReference; lastKnownFileType = text.plist.xml; path = Info.plist; sourceTree = "<group>"; };
		6A264FCA2A8EDD7C0066D64B /* video_playerTests.xctest */ = {isa = PBXFileReference; explicitFileType = wrapper.cfbundle; includeInIndex = 0; path = video_playerTests.xctest; sourceTree = BUILT_PRODUCTS_DIR; };
		6A264FCE2A8EDD7C0066D64B /* video_playerTests.swift */ = {isa = PBXFileReference; lastKnownFileType = sourcecode.swift; path = video_playerTests.swift; sourceTree = "<group>"; };
		6A264FD42A8EDD7C0066D64B /* video_playerUITests.xctest */ = {isa = PBXFileReference; explicitFileType = wrapper.cfbundle; includeInIndex = 0; path = video_playerUITests.xctest; sourceTree = BUILT_PRODUCTS_DIR; };
		6A264FD82A8EDD7C0066D64B /* video_playerUITests.swift */ = {isa = PBXFileReference; lastKnownFileType = sourcecode.swift; path = video_playerUITests.swift; sourceTree = "<group>"; };
		6A264FDA2A8EDD7C0066D64B /* video_playerUITestsLaunchTests.swift */ = {isa = PBXFileReference; lastKnownFileType = sourcecode.swift; path = video_playerUITestsLaunchTests.swift; sourceTree = "<group>"; };
		6A264FE92A8EEED50066D64B /* test.mp4 */ = {isa = PBXFileReference; lastKnownFileType = file; name = test.mp4; path = ../../../Downloads/test.mp4; sourceTree = "<group>"; };
/* End PBXFileReference section */

/* Begin PBXFrameworksBuildPhase section */
		6A264FB12A8EDD790066D64B /* Frameworks */ = {
			isa = PBXFrameworksBuildPhase;
			buildActionMask = 2147483647;
			files = (
			);
			runOnlyForDeploymentPostprocessing = 0;
		};
		6A264FC72A8EDD7C0066D64B /* Frameworks */ = {
			isa = PBXFrameworksBuildPhase;
			buildActionMask = 2147483647;
			files = (
			);
			runOnlyForDeploymentPostprocessing = 0;
		};
		6A264FD12A8EDD7C0066D64B /* Frameworks */ = {
			isa = PBXFrameworksBuildPhase;
			buildActionMask = 2147483647;
			files = (
			);
			runOnlyForDeploymentPostprocessing = 0;
		};
/* End PBXFrameworksBuildPhase section */

/* Begin PBXGroup section */
		6A264FAB2A8EDD780066D64B = {
			isa = PBXGroup;
			children = (
				6A264FB62A8EDD790066D64B /* video_player */,
				6A264FCD2A8EDD7C0066D64B /* video_playerTests */,
				6A264FD72A8EDD7C0066D64B /* video_playerUITests */,
				6A264FB52A8EDD790066D64B /* Products */,
			);
			sourceTree = "<group>";
		};
		6A264FB52A8EDD790066D64B /* Products */ = {
			isa = PBXGroup;
			children = (
				6A264FB42A8EDD790066D64B /* video_player.app */,
				6A264FCA2A8EDD7C0066D64B /* video_playerTests.xctest */,
				6A264FD42A8EDD7C0066D64B /* video_playerUITests.xctest */,
			);
			name = Products;
			sourceTree = "<group>";
		};
		6A264FB62A8EDD790066D64B /* video_player */ = {
			isa = PBXGroup;
			children = (
				6A264FE92A8EEED50066D64B /* test.mp4 */,
				6A264FB72A8EDD790066D64B /* AppDelegate.swift */,
				6A264FB92A8EDD790066D64B /* SceneDelegate.swift */,
				6A264FBB2A8EDD790066D64B /* ViewController.swift */,
				6A264FBD2A8EDD790066D64B /* Main.storyboard */,
				6A264FC02A8EDD7B0066D64B /* Assets.xcassets */,
				6A264FC22A8EDD7C0066D64B /* LaunchScreen.storyboard */,
				6A264FC52A8EDD7C0066D64B /* Info.plist */,
			);
			path = video_player;
			sourceTree = "<group>";
		};
		6A264FCD2A8EDD7C0066D64B /* video_playerTests */ = {
			isa = PBXGroup;
			children = (
				6A264FCE2A8EDD7C0066D64B /* video_playerTests.swift */,
			);
			path = video_playerTests;
			sourceTree = "<group>";
		};
		6A264FD72A8EDD7C0066D64B /* video_playerUITests */ = {
			isa = PBXGroup;
			children = (
				6A264FD82A8EDD7C0066D64B /* video_playerUITests.swift */,
				6A264FDA2A8EDD7C0066D64B /* video_playerUITestsLaunchTests.swift */,
			);
			path = video_playerUITests;
			sourceTree = "<group>";
		};
/* End PBXGroup section */

/* Begin PBXNativeTarget section */
		6A264FB32A8EDD790066D64B /* video_player */ = {
			isa = PBXNativeTarget;
			buildConfigurationList = 6A264FDE2A8EDD7C0066D64B /* Build configuration list for PBXNativeTarget "video_player" */;
			buildPhases = (
				6A264FB02A8EDD790066D64B /* Sources */,
				6A264FB12A8EDD790066D64B /* Frameworks */,
				6A264FB22A8EDD790066D64B /* Resources */,
			);
			buildRules = (
			);
			dependencies = (
			);
			name = video_player;
			productName = video_player;
			productReference = 6A264FB42A8EDD790066D64B /* video_player.app */;
			productType = "com.apple.product-type.application";
		};
		6A264FC92A8EDD7C0066D64B /* video_playerTests */ = {
			isa = PBXNativeTarget;
			buildConfigurationList = 6A264FE12A8EDD7C0066D64B /* Build configuration list for PBXNativeTarget "video_playerTests" */;
			buildPhases = (
				6A264FC62A8EDD7C0066D64B /* Sources */,
				6A264FC72A8EDD7C0066D64B /* Frameworks */,
				6A264FC82A8EDD7C0066D64B /* Resources */,
			);
			buildRules = (
			);
			dependencies = (
				6A264FCC2A8EDD7C0066D64B /* PBXTargetDependency */,
			);
			name = video_playerTests;
			productName = video_playerTests;
			productReference = 6A264FCA2A8EDD7C0066D64B /* video_playerTests.xctest */;
			productType = "com.apple.product-type.bundle.unit-test";
		};
		6A264FD32A8EDD7C0066D64B /* video_playerUITests */ = {
			isa = PBXNativeTarget;
			buildConfigurationList = 6A264FE42A8EDD7C0066D64B /* Build configuration list for PBXNativeTarget "video_playerUITests" */;
			buildPhases = (
				6A264FD02A8EDD7C0066D64B /* Sources */,
				6A264FD12A8EDD7C0066D64B /* Frameworks */,
				6A264FD22A8EDD7C0066D64B /* Resources */,
			);
			buildRules = (
			);
			dependencies = (
				6A264FD62A8EDD7C0066D64B /* PBXTargetDependency */,
			);
			name = video_playerUITests;
			productName = video_playerUITests;
			productReference = 6A264FD42A8EDD7C0066D64B /* video_playerUITests.xctest */;
			productType = "com.apple.product-type.bundle.ui-testing";
		};
/* End PBXNativeTarget section */

/* Begin PBXProject section */
		6A264FAC2A8EDD780066D64B /* Project object */ = {
			isa = PBXProject;
			attributes = {
				BuildIndependentTargetsInParallel = 1;
				LastSwiftUpdateCheck = 1500;
				LastUpgradeCheck = 1500;
				TargetAttributes = {
					6A264FB32A8EDD790066D64B = {
						CreatedOnToolsVersion = 15.0;
					};
					6A264FC92A8EDD7C0066D64B = {
						CreatedOnToolsVersion = 15.0;
						TestTargetID = 6A264FB32A8EDD790066D64B;
					};
					6A264FD32A8EDD7C0066D64B = {
						CreatedOnToolsVersion = 15.0;
						TestTargetID = 6A264FB32A8EDD790066D64B;
					};
				};
			};
			buildConfigurationList = 6A264FAF2A8EDD780066D64B /* Build configuration list for PBXProject "video_player" */;
			compatibilityVersion = "Xcode 14.0";
			developmentRegion = en;
			hasScannedForEncodings = 0;
			knownRegions = (
				en,
				Base,
			);
			mainGroup = 6A264FAB2A8EDD780066D64B;
			productRefGroup = 6A264FB52A8EDD790066D64B /* Products */;
			projectDirPath = "";
			projectRoot = "";
			targets = (
				6A264FB32A8EDD790066D64B /* video_player */,
				6A264FC92A8EDD7C0066D64B /* video_playerTests */,
				6A264FD32A8EDD7C0066D64B /* video_playerUITests */,
			);
		};
/* End PBXProject section */

/* Begin PBXResourcesBuildPhase section */
		6A264FB22A8EDD790066D64B /* Resources */ = {
			isa = PBXResourcesBuildPhase;
			buildActionMask = 2147483647;
			files = (
				6A264FC42A8EDD7C0066D64B /* LaunchScreen.storyboard in Resources */,
				6A264FC12A8EDD7B0066D64B /* Assets.xcassets in Resources */,
				6A264FBF2A8EDD790066D64B /* Main.storyboard in Resources */,
				6A264FEA2A8EEED50066D64B /* test.mp4 in Resources */,
			);
			runOnlyForDeploymentPostprocessing = 0;
		};
		6A264FC82A8EDD7C0066D64B /* Resources */ = {
			isa = PBXResourcesBuildPhase;
			buildActionMask = 2147483647;
			files = (
			);
			runOnlyForDeploymentPostprocessing = 0;
		};
		6A264FD22A8EDD7C0066D64B /* Resources */ = {
			isa = PBXResourcesBuildPhase;
			buildActionMask = 2147483647;
			files = (
			);
			runOnlyForDeploymentPostprocessing = 0;
		};
/* End PBXResourcesBuildPhase section */

/* Begin PBXSourcesBuildPhase section */
		6A264FB02A8EDD790066D64B /* Sources */ = {
			isa = PBXSourcesBuildPhase;
			buildActionMask = 2147483647;
			files = (
				6A264FBC2A8EDD790066D64B /* ViewController.swift in Sources */,
				6A264FB82A8EDD790066D64B /* AppDelegate.swift in Sources */,
				6A264FBA2A8EDD790066D64B /* SceneDelegate.swift in Sources */,
			);
			runOnlyForDeploymentPostprocessing = 0;
		};
		6A264FC62A8EDD7C0066D64B /* Sources */ = {
			isa = PBXSourcesBuildPhase;
			buildActionMask = 2147483647;
			files = (
				6A264FCF2A8EDD7C0066D64B /* video_playerTests.swift in Sources */,
			);
			runOnlyForDeploymentPostprocessing = 0;
		};
		6A264FD02A8EDD7C0066D64B /* Sources */ = {
			isa = PBXSourcesBuildPhase;
			buildActionMask = 2147483647;
			files = (
				6A264FD92A8EDD7C0066D64B /* video_playerUITests.swift in Sources */,
				6A264FDB2A8EDD7C0066D64B /* video_playerUITestsLaunchTests.swift in Sources */,
			);
			runOnlyForDeploymentPostprocessing = 0;
		};
/* End PBXSourcesBuildPhase section */

/* Begin PBXTargetDependency section */
		6A264FCC2A8EDD7C0066D64B /* PBXTargetDependency */ = {
			isa = PBXTargetDependency;
			target = 6A264FB32A8EDD790066D64B /* video_player */;
			targetProxy = 6A264FCB2A8EDD7C0066D64B /* PBXContainerItemProxy */;
		};
		6A264FD62A8EDD7C0066D64B /* PBXTargetDependency */ = {
			isa = PBXTargetDependency;
			target = 6A264FB32A8EDD790066D64B /* video_player */;
			targetProxy = 6A264FD52A8EDD7C0066D64B /* PBXContainerItemProxy */;
		};
/* End PBXTargetDependency section */

/* Begin PBXVariantGroup section */
		6A264FBD2A8EDD790066D64B /* Main.storyboard */ = {
			isa = PBXVariantGroup;
			children = (
				6A264FBE2A8EDD790066D64B /* Base */,
			);
			name = Main.storyboard;
			sourceTree = "<group>";
		};
		6A264FC22A8EDD7C0066D64B /* LaunchScreen.storyboard */ = {
			isa = PBXVariantGroup;
			children = (
				6A264FC32A8EDD7C0066D64B /* Base */,
			);
			name = LaunchScreen.storyboard;
			sourceTree = "<group>";
		};
/* End PBXVariantGroup section */

/* Begin XCBuildConfiguration section */
		6A264FDC2A8EDD7C0066D64B /* Debug */ = {
			isa = XCBuildConfiguration;
			buildSettings = {
				ALWAYS_SEARCH_USER_PATHS = NO;
				ASSETCATALOG_COMPILER_GENERATE_SWIFT_ASSET_SYMBOL_EXTENSIONS = YES;
				CLANG_ANALYZER_NONNULL = YES;
				CLANG_ANALYZER_NUMBER_OBJECT_CONVERSION = YES_AGGRESSIVE;
				CLANG_CXX_LANGUAGE_STANDARD = "gnu++20";
				CLANG_ENABLE_MODULES = YES;
				CLANG_ENABLE_OBJC_ARC = YES;
				CLANG_ENABLE_OBJC_WEAK = YES;
				CLANG_WARN_BLOCK_CAPTURE_AUTORELEASING = YES;
				CLANG_WARN_BOOL_CONVERSION = YES;
				CLANG_WARN_COMMA = YES;
				CLANG_WARN_CONSTANT_CONVERSION = YES;
				CLANG_WARN_DEPRECATED_OBJC_IMPLEMENTATIONS = YES;
				CLANG_WARN_DIRECT_OBJC_ISA_USAGE = YES_ERROR;
				CLANG_WARN_DOCUMENTATION_COMMENTS = YES;
				CLANG_WARN_EMPTY_BODY = YES;
				CLANG_WARN_ENUM_CONVERSION = YES;
				CLANG_WARN_INFINITE_RECURSION = YES;
				CLANG_WARN_INT_CONVERSION = YES;
				CLANG_WARN_NON_LITERAL_NULL_CONVERSION = YES;
				CLANG_WARN_OBJC_IMPLICIT_RETAIN_SELF = YES;
				CLANG_WARN_OBJC_LITERAL_CONVERSION = YES;
				CLANG_WARN_OBJC_ROOT_CLASS = YES_ERROR;
				CLANG_WARN_QUOTED_INCLUDE_IN_FRAMEWORK_HEADER = YES;
				CLANG_WARN_RANGE_LOOP_ANALYSIS = YES;
				CLANG_WARN_STRICT_PROTOTYPES = YES;
				CLANG_WARN_SUSPICIOUS_MOVE = YES;
				CLANG_WARN_UNGUARDED_AVAILABILITY = YES_AGGRESSIVE;
				CLANG_WARN_UNREACHABLE_CODE = YES;
				CLANG_WARN__DUPLICATE_METHOD_MATCH = YES;
				COPY_PHASE_STRIP = NO;
				DEBUG_INFORMATION_FORMAT = dwarf;
				ENABLE_STRICT_OBJC_MSGSEND = YES;
				ENABLE_TESTABILITY = YES;
				ENABLE_USER_SCRIPT_SANDBOXING = YES;
				GCC_C_LANGUAGE_STANDARD = gnu17;
				GCC_DYNAMIC_NO_PIC = NO;
				GCC_NO_COMMON_BLOCKS = YES;
				GCC_OPTIMIZATION_LEVEL = 0;
				GCC_PREPROCESSOR_DEFINITIONS = (
					"DEBUG=1",
					"$(inherited)",
				);
				GCC_WARN_64_TO_32_BIT_CONVERSION = YES;
				GCC_WARN_ABOUT_RETURN_TYPE = YES_ERROR;
				GCC_WARN_UNDECLARED_SELECTOR = YES;
				GCC_WARN_UNINITIALIZED_AUTOS = YES_AGGRESSIVE;
				GCC_WARN_UNUSED_FUNCTION = YES;
				GCC_WARN_UNUSED_VARIABLE = YES;
				IPHONEOS_DEPLOYMENT_TARGET = 17.0;
				LOCALIZATION_PREFERS_STRING_CATALOGS = YES;
				MTL_ENABLE_DEBUG_INFO = INCLUDE_SOURCE;
				MTL_FAST_MATH = YES;
				ONLY_ACTIVE_ARCH = YES;
				SDKROOT = iphoneos;
				SWIFT_ACTIVE_COMPILATION_CONDITIONS = "DEBUG $(inherited)";
				SWIFT_OPTIMIZATION_LEVEL = "-Onone";
			};
			name = Debug;
		};
		6A264FDD2A8EDD7C0066D64B /* Release */ = {
			isa = XCBuildConfiguration;
			buildSettings = {
				ALWAYS_SEARCH_USER_PATHS = NO;
				ASSETCATALOG_COMPILER_GENERATE_SWIFT_ASSET_SYMBOL_EXTENSIONS = YES;
				CLANG_ANALYZER_NONNULL = YES;
				CLANG_ANALYZER_NUMBER_OBJECT_CONVERSION = YES_AGGRESSIVE;
				CLANG_CXX_LANGUAGE_STANDARD = "gnu++20";
				CLANG_ENABLE_MODULES = YES;
				CLANG_ENABLE_OBJC_ARC = YES;
				CLANG_ENABLE_OBJC_WEAK = YES;
				CLANG_WARN_BLOCK_CAPTURE_AUTORELEASING = YES;
				CLANG_WARN_BOOL_CONVERSION = YES;
				CLANG_WARN_COMMA = YES;
				CLANG_WARN_CONSTANT_CONVERSION = YES;
				CLANG_WARN_DEPRECATED_OBJC_IMPLEMENTATIONS = YES;
				CLANG_WARN_DIRECT_OBJC_ISA_USAGE = YES_ERROR;
				CLANG_WARN_DOCUMENTATION_COMMENTS = YES;
				CLANG_WARN_EMPTY_BODY = YES;
				CLANG_WARN_ENUM_CONVERSION = YES;
				CLANG_WARN_INFINITE_RECURSION = YES;
				CLANG_WARN_INT_CONVERSION = YES;
				CLANG_WARN_NON_LITERAL_NULL_CONVERSION = YES;
				CLANG_WARN_OBJC_IMPLICIT_RETAIN_SELF = YES;
				CLANG_WARN_OBJC_LITERAL_CONVERSION = YES;
				CLANG_WARN_OBJC_ROOT_CLASS = YES_ERROR;
				CLANG_WARN_QUOTED_INCLUDE_IN_FRAMEWORK_HEADER = YES;
				CLANG_WARN_RANGE_LOOP_ANALYSIS = YES;
				CLANG_WARN_STRICT_PROTOTYPES = YES;
				CLANG_WARN_SUSPICIOUS_MOVE = YES;
				CLANG_WARN_UNGUARDED_AVAILABILITY = YES_AGGRESSIVE;
				CLANG_WARN_UNREACHABLE_CODE = YES;
				CLANG_WARN__DUPLICATE_METHOD_MATCH = YES;
				COPY_PHASE_STRIP = NO;
				DEBUG_INFORMATION_FORMAT = "dwarf-with-dsym";
				ENABLE_NS_ASSERTIONS = NO;
				ENABLE_STRICT_OBJC_MSGSEND = YES;
				ENABLE_USER_SCRIPT_SANDBOXING = YES;
				GCC_C_LANGUAGE_STANDARD = gnu17;
				GCC_NO_COMMON_BLOCKS = YES;
				GCC_WARN_64_TO_32_BIT_CONVERSION = YES;
				GCC_WARN_ABOUT_RETURN_TYPE = YES_ERROR;
				GCC_WARN_UNDECLARED_SELECTOR = YES;
				GCC_WARN_UNINITIALIZED_AUTOS = YES_AGGRESSIVE;
				GCC_WARN_UNUSED_FUNCTION = YES;
				GCC_WARN_UNUSED_VARIABLE = YES;
				IPHONEOS_DEPLOYMENT_TARGET = 17.0;
				LOCALIZATION_PREFERS_STRING_CATALOGS = YES;
				MTL_ENABLE_DEBUG_INFO = NO;
				MTL_FAST_MATH = YES;
				SDKROOT = iphoneos;
				SWIFT_COMPILATION_MODE = wholemodule;
				VALIDATE_PRODUCT = YES;
			};
			name = Release;
		};
		6A264FDF2A8EDD7C0066D64B /* Debug */ = {
			isa = XCBuildConfiguration;
			buildSettings = {
				ASSETCATALOG_COMPILER_APPICON_NAME = AppIcon;
				ASSETCATALOG_COMPILER_GLOBAL_ACCENT_COLOR_NAME = AccentColor;
				CODE_SIGN_STYLE = Automatic;
				CURRENT_PROJECT_VERSION = 1;
				DEVELOPMENT_TEAM = FJ5A486HXW;
				GENERATE_INFOPLIST_FILE = YES;
				INFOPLIST_FILE = video_player/Info.plist;
				INFOPLIST_KEY_UIApplicationSupportsIndirectInputEvents = YES;
				INFOPLIST_KEY_UILaunchStoryboardName = LaunchScreen;
				INFOPLIST_KEY_UIMainStoryboardFile = Main;
				INFOPLIST_KEY_UISupportedInterfaceOrientations_iPad = "UIInterfaceOrientationPortrait UIInterfaceOrientationPortraitUpsideDown UIInterfaceOrientationLandscapeLeft UIInterfaceOrientationLandscapeRight";
				INFOPLIST_KEY_UISupportedInterfaceOrientations_iPhone = "UIInterfaceOrientationPortrait UIInterfaceOrientationLandscapeLeft UIInterfaceOrientationLandscapeRight";
				LD_RUNPATH_SEARCH_PATHS = (
					"$(inherited)",
					"@executable_path/Frameworks",
				);
				MARKETING_VERSION = 1.0;
				PRODUCT_BUNDLE_IDENTIFIER = "conan.video-player";
				PRODUCT_NAME = "$(TARGET_NAME)";
				SWIFT_EMIT_LOC_STRINGS = YES;
				SWIFT_VERSION = 5.0;
				TARGETED_DEVICE_FAMILY = "1,2";
			};
			name = Debug;
		};
		6A264FE02A8EDD7C0066D64B /* Release */ = {
			isa = XCBuildConfiguration;
			buildSettings = {
				ASSETCATALOG_COMPILER_APPICON_NAME = AppIcon;
				ASSETCATALOG_COMPILER_GLOBAL_ACCENT_COLOR_NAME = AccentColor;
				CODE_SIGN_STYLE = Automatic;
				CURRENT_PROJECT_VERSION = 1;
				DEVELOPMENT_TEAM = FJ5A486HXW;
				GENERATE_INFOPLIST_FILE = YES;
				INFOPLIST_FILE = video_player/Info.plist;
				INFOPLIST_KEY_UIApplicationSupportsIndirectInputEvents = YES;
				INFOPLIST_KEY_UILaunchStoryboardName = LaunchScreen;
				INFOPLIST_KEY_UIMainStoryboardFile = Main;
				INFOPLIST_KEY_UISupportedInterfaceOrientations_iPad = "UIInterfaceOrientationPortrait UIInterfaceOrientationPortraitUpsideDown UIInterfaceOrientationLandscapeLeft UIInterfaceOrientationLandscapeRight";
				INFOPLIST_KEY_UISupportedInterfaceOrientations_iPhone = "UIInterfaceOrientationPortrait UIInterfaceOrientationLandscapeLeft UIInterfaceOrientationLandscapeRight";
				LD_RUNPATH_SEARCH_PATHS = (
					"$(inherited)",
					"@executable_path/Frameworks",
				);
				MARKETING_VERSION = 1.0;
				PRODUCT_BUNDLE_IDENTIFIER = "conan.video-player";
				PRODUCT_NAME = "$(TARGET_NAME)";
				SWIFT_EMIT_LOC_STRINGS = YES;
				SWIFT_VERSION = 5.0;
				TARGETED_DEVICE_FAMILY = "1,2";
			};
			name = Release;
		};
		6A264FE22A8EDD7C0066D64B /* Debug */ = {
			isa = XCBuildConfiguration;
			buildSettings = {
				ALWAYS_EMBED_SWIFT_STANDARD_LIBRARIES = YES;
				BUNDLE_LOADER = "$(TEST_HOST)";
				CODE_SIGN_STYLE = Automatic;
				CURRENT_PROJECT_VERSION = 1;
				DEVELOPMENT_TEAM = FJ5A486HXW;
				GENERATE_INFOPLIST_FILE = YES;
				IPHONEOS_DEPLOYMENT_TARGET = 17.0;
				MARKETING_VERSION = 1.0;
				PRODUCT_BUNDLE_IDENTIFIER = "conan.video-playerTests";
				PRODUCT_NAME = "$(TARGET_NAME)";
				SWIFT_EMIT_LOC_STRINGS = NO;
				SWIFT_VERSION = 5.0;
				TARGETED_DEVICE_FAMILY = "1,2";
				TEST_HOST = "$(BUILT_PRODUCTS_DIR)/video_player.app/$(BUNDLE_EXECUTABLE_FOLDER_PATH)/video_player";
			};
			name = Debug;
		};
		6A264FE32A8EDD7C0066D64B /* Release */ = {
			isa = XCBuildConfiguration;
			buildSettings = {
				ALWAYS_EMBED_SWIFT_STANDARD_LIBRARIES = YES;
				BUNDLE_LOADER = "$(TEST_HOST)";
				CODE_SIGN_STYLE = Automatic;
				CURRENT_PROJECT_VERSION = 1;
				DEVELOPMENT_TEAM = FJ5A486HXW;
				GENERATE_INFOPLIST_FILE = YES;
				IPHONEOS_DEPLOYMENT_TARGET = 17.0;
				MARKETING_VERSION = 1.0;
				PRODUCT_BUNDLE_IDENTIFIER = "conan.video-playerTests";
				PRODUCT_NAME = "$(TARGET_NAME)";
				SWIFT_EMIT_LOC_STRINGS = NO;
				SWIFT_VERSION = 5.0;
				TARGETED_DEVICE_FAMILY = "1,2";
				TEST_HOST = "$(BUILT_PRODUCTS_DIR)/video_player.app/$(BUNDLE_EXECUTABLE_FOLDER_PATH)/video_player";
			};
			name = Release;
		};
		6A264FE52A8EDD7C0066D64B /* Debug */ = {
			isa = XCBuildConfiguration;
			buildSettings = {
				ALWAYS_EMBED_SWIFT_STANDARD_LIBRARIES = YES;
				CODE_SIGN_STYLE = Automatic;
				CURRENT_PROJECT_VERSION = 1;
				DEVELOPMENT_TEAM = FJ5A486HXW;
				GENERATE_INFOPLIST_FILE = YES;
				MARKETING_VERSION = 1.0;
				PRODUCT_BUNDLE_IDENTIFIER = "conan.video-playerUITests";
				PRODUCT_NAME = "$(TARGET_NAME)";
				SWIFT_EMIT_LOC_STRINGS = NO;
				SWIFT_VERSION = 5.0;
				TARGETED_DEVICE_FAMILY = "1,2";
				TEST_TARGET_NAME = video_player;
			};
			name = Debug;
		};
		6A264FE62A8EDD7C0066D64B /* Release */ = {
			isa = XCBuildConfiguration;
			buildSettings = {
				ALWAYS_EMBED_SWIFT_STANDARD_LIBRARIES = YES;
				CODE_SIGN_STYLE = Automatic;
				CURRENT_PROJECT_VERSION = 1;
				DEVELOPMENT_TEAM = FJ5A486HXW;
				GENERATE_INFOPLIST_FILE = YES;
				MARKETING_VERSION = 1.0;
				PRODUCT_BUNDLE_IDENTIFIER = "conan.video-playerUITests";
				PRODUCT_NAME = "$(TARGET_NAME)";
				SWIFT_EMIT_LOC_STRINGS = NO;
				SWIFT_VERSION = 5.0;
				TARGETED_DEVICE_FAMILY = "1,2";
				TEST_TARGET_NAME = video_player;
			};
			name = Release;
		};
/* End XCBuildConfiguration section */

/* Begin XCConfigurationList section */
		6A264FAF2A8EDD780066D64B /* Build configuration list for PBXProject "video_player" */ = {
			isa = XCConfigurationList;
			buildConfigurations = (
				6A264FDC2A8EDD7C0066D64B /* Debug */,
				6A264FDD2A8EDD7C0066D64B /* Release */,
			);
			defaultConfigurationIsVisible = 0;
			defaultConfigurationName = Release;
		};
		6A264FDE2A8EDD7C0066D64B /* Build configuration list for PBXNativeTarget "video_player" */ = {
			isa = XCConfigurationList;
			buildConfigurations = (
				6A264FDF2A8EDD7C0066D64B /* Debug */,
				6A264FE02A8EDD7C0066D64B /* Release */,
			);
			defaultConfigurationIsVisible = 0;
			defaultConfigurationName = Release;
		};
		6A264FE12A8EDD7C0066D64B /* Build configuration list for PBXNativeTarget "video_playerTests" */ = {
			isa = XCConfigurationList;
			buildConfigurations = (
				6A264FE22A8EDD7C0066D64B /* Debug */,
				6A264FE32A8EDD7C0066D64B /* Release */,
			);
			defaultConfigurationIsVisible = 0;
			defaultConfigurationName = Release;
		};
		6A264FE42A8EDD7C0066D64B /* Build configuration list for PBXNativeTarget "video_playerUITests" */ = {
			isa = XCConfigurationList;
			buildConfigurations = (
				6A264FE52A8EDD7C0066D64B /* Debug */,
				6A264FE62A8EDD7C0066D64B /* Release */,
			);
			defaultConfigurationIsVisible = 0;
			defaultConfigurationName = Release;
		};
/* End XCConfigurationList section */
	};
	rootObject = 6A264FAC2A8EDD780066D64B /* Project object */;
}
